
Microsoft Visual Studio Solution File, Format Version 12.00
# Visual Studio Version 17
VisualStudioVersion = 17.4.33213.308
MinimumVisualStudioVersion = 10.0.40219.1
Project("{F184B08F-C81C-45F6-A57F-5ABD9991F28F}") = "diskon", "diskon.vbproj", "{49086AB6-8EE6-40E5-A756-0271294CCC18}"
EndProject
Global
	GlobalSection(SolutionConfigurationPlatforms) = preSolution
		Debug|Any CPU = Debug|Any CPU
		Release|Any CPU = Release|Any CPU
	EndGlobalSection
	GlobalSection(ProjectConfigurationPlatforms) = postSolution
		{49086AB6-8EE6-40E5-A756-0271294CCC18}.Debug|Any CPU.ActiveCfg = Debug|Any CPU
		{49086AB6-8EE6-40E5-A756-0271294CCC18}.Debug|Any CPU.Build.0 = Debug|Any CPU
		{49086AB6-8EE6-40E5-A756-0271294CCC18}.Release|Any CPU.ActiveCfg = Release|Any CPU
		{49086AB6-8EE6-40E5-A756-0271294CCC18}.Release|Any CPU.Build.0 = Release|Any CPU
	EndGlobalSection
	GlobalSection(SolutionProperties) = preSolution
		HideSolutionNode = FALSE
	EndGlobalSection
	GlobalSection(ExtensibilityGlobals) = postSolution
		SolutionGuid = {760D4A94-1331-49FD-8DE3-C5C640E5E316}
	EndGlobalSection
EndGlobal
